
Microsoft Visual Studio Solution File, Format Version 12.00
# Visual Studio Version 17
VisualStudioVersion = 17.4.33205.214
MinimumVisualStudioVersion = 10.0.40219.1
Project("{FAE04EC0-301F-11D3-BF4B-00C04F79EFBC}") = "gendizimi", "gendizimi\gendizimi.csproj", "{CE211071-5CC9-460D-9588-221EE5BC8A0E}"
EndProject
Global
	GlobalSection(SolutionConfigurationPlatforms) = preSolution
		Debug|Any CPU = Debug|Any CPU
		Release|Any CPU = Release|Any CPU
	EndGlobalSection
	GlobalSection(ProjectConfigurationPlatforms) = postSolution
		{CE211071-5CC9-460D-9588-221EE5BC8A0E}.Debug|Any CPU.ActiveCfg = Debug|Any CPU
		{CE211071-5CC9-460D-9588-221EE5BC8A0E}.Debug|Any CPU.Build.0 = Debug|Any CPU
		{CE211071-5CC9-460D-9588-221EE5BC8A0E}.Release|Any CPU.ActiveCfg = Release|Any CPU
		{CE211071-5CC9-460D-9588-221EE5BC8A0E}.Release|Any CPU.Build.0 = Release|Any CPU
	EndGlobalSection
	GlobalSection(SolutionProperties) = preSolution
		HideSolutionNode = FALSE
	EndGlobalSection
	GlobalSection(ExtensibilityGlobals) = postSolution
		SolutionGuid = {62E1E81A-9C9B-4A4F-B3D4-D0D32BA53C82}
	EndGlobalSection
EndGlobal
